
Microsoft Visual Studio Solution File, Format Version 12.00
# Visual Studio Version 16
VisualStudioVersion = 16.0.32630.194
MinimumVisualStudioVersion = 10.0.40219.1
Project("{FAE04EC0-301F-11D3-BF4B-00C04F79EFBC}") = "Tarea_Extra", "Tarea_Extra\Tarea_Extra.csproj", "{6FBC1B6A-BC1F-4B6E-BAF2-E4B30B9521EE}"
EndProject
Global
	GlobalSection(SolutionConfigurationPlatforms) = preSolution
		Debug|Any CPU = Debug|Any CPU
		Release|Any CPU = Release|Any CPU
	EndGlobalSection
	GlobalSection(ProjectConfigurationPlatforms) = postSolution
		{6FBC1B6A-BC1F-4B6E-BAF2-E4B30B9521EE}.Debug|Any CPU.ActiveCfg = Debug|Any CPU
		{6FBC1B6A-BC1F-4B6E-BAF2-E4B30B9521EE}.Debug|Any CPU.Build.0 = Debug|Any CPU
		{6FBC1B6A-BC1F-4B6E-BAF2-E4B30B9521EE}.Release|Any CPU.ActiveCfg = Release|Any CPU
		{6FBC1B6A-BC1F-4B6E-BAF2-E4B30B9521EE}.Release|Any CPU.Build.0 = Release|Any CPU
	EndGlobalSection
	GlobalSection(SolutionProperties) = preSolution
		HideSolutionNode = FALSE
	EndGlobalSection
	GlobalSection(ExtensibilityGlobals) = postSolution
		SolutionGuid = {196B69EA-231A-4B1E-8C11-4856F8B7B157}
	EndGlobalSection
EndGlobal
